// !$*UTF8*$!
{
	archiveVersion = 1;
	classes = {
	};
	objectVersion = 50;
	objects = {

/* Begin PBXBuildFile section */
		D53CF48E23408E8C005B468B /* AppDelegate.swift in Sources */ = {isa = PBXBuildFile; fileRef = D53CF48D23408E8C005B468B /* AppDelegate.swift */; };
		D53CF49023408E8C005B468B /* SceneDelegate.swift in Sources */ = {isa = PBXBuildFile; fileRef = D53CF48F23408E8C005B468B /* SceneDelegate.swift */; };
		D53CF49223408E8C005B468B /* ContentView.swift in Sources */ = {isa = PBXBuildFile; fileRef = D53CF49123408E8C005B468B /* ContentView.swift */; };
		D53CF49423408E8E005B468B /* Assets.xcassets in Resources */ = {isa = PBXBuildFile; fileRef = D53CF49323408E8E005B468B /* Assets.xcassets */; };
		D53CF49723408E8E005B468B /* Preview Assets.xcassets in Resources */ = {isa = PBXBuildFile; fileRef = D53CF49623408E8E005B468B /* Preview Assets.xcassets */; };
		D53CF49A23408E8E005B468B /* LaunchScreen.storyboard in Resources */ = {isa = PBXBuildFile; fileRef = D53CF49823408E8E005B468B /* LaunchScreen.storyboard */; };
		D53CF4A223408EA9005B468B /* Helper.swift in Sources */ = {isa = PBXBuildFile; fileRef = D53CF4A123408EA9005B468B /* Helper.swift */; };
		D53CF4A523408EBB005B468B /* Menu.swift in Sources */ = {isa = PBXBuildFile; fileRef = D53CF4A323408EBA005B468B /* Menu.swift */; };
		D53CF4A623408EBB005B468B /* Order.swift in Sources */ = {isa = PBXBuildFile; fileRef = D53CF4A423408EBA005B468B /* Order.swift */; };
		D53CF4A823408ED0005B468B /* menu.json in Resources */ = {isa = PBXBuildFile; fileRef = D53CF4A723408ED0005B468B /* menu.json */; };
		D53CF4AC2340954C005B468B /* ItemRow.swift in Sources */ = {isa = PBXBuildFile; fileRef = D53CF4AB2340954C005B468B /* ItemRow.swift */; };
/* End PBXBuildFile section */

/* Begin PBXFileReference section */
		D53CF48A23408E8C005B468B /* iDine.app */ = {isa = PBXFileReference; explicitFileType = wrapper.application; includeInIndex = 0; path = iDine.app; sourceTree = BUILT_PRODUCTS_DIR; };
		D53CF48D23408E8C005B468B /* AppDelegate.swift */ = {isa = PBXFileReference; lastKnownFileType = sourcecode.swift; path = AppDelegate.swift; sourceTree = "<group>"; };
		D53CF48F23408E8C005B468B /* SceneDelegate.swift */ = {isa = PBXFileReference; lastKnownFileType = sourcecode.swift; path = SceneDelegate.swift; sourceTree = "<group>"; };
		D53CF49123408E8C005B468B /* ContentView.swift */ = {isa = PBXFileReference; lastKnownFileType = sourcecode.swift; path = ContentView.swift; sourceTree = "<group>"; };
		D53CF49323408E8E005B468B /* Assets.xcassets */ = {isa = PBXFileReference; lastKnownFileType = folder.assetcatalog; path = Assets.xcassets; sourceTree = "<group>"; };
		D53CF49623408E8E005B468B /* Preview Assets.xcassets */ = {isa = PBXFileReference; lastKnownFileType = folder.assetcatalog; path = "Preview Assets.xcassets"; sourceTree = "<group>"; };
		D53CF49923408E8E005B468B /* Base */ = {isa = PBXFileReference; lastKnownFileType = file.storyboard; name = Base; path = Base.lproj/LaunchScreen.storyboard; sourceTree = "<group>"; };
		D53CF49B23408E8E005B468B /* Info.plist */ = {isa = PBXFileReference; lastKnownFileType = text.plist.xml; path = Info.plist; sourceTree = "<group>"; };
		D53CF4A123408EA9005B468B /* Helper.swift */ = {isa = PBXFileReference; fileEncoding = 4; lastKnownFileType = sourcecode.swift; path = Helper.swift; sourceTree = "<group>"; };
		D53CF4A323408EBA005B468B /* Menu.swift */ = {isa = PBXFileReference; fileEncoding = 4; lastKnownFileType = sourcecode.swift; path = Menu.swift; sourceTree = "<group>"; };
		D53CF4A423408EBA005B468B /* Order.swift */ = {isa = PBXFileReference; fileEncoding = 4; lastKnownFileType = sourcecode.swift; path = Order.swift; sourceTree = "<group>"; };
		D53CF4A723408ED0005B468B /* menu.json */ = {isa = PBXFileReference; fileEncoding = 4; lastKnownFileType = text.json; path = menu.json; sourceTree = "<group>"; xcLanguageSpecificationIdentifier = xcode.lang.json; };
		D53CF4AB2340954C005B468B /* ItemRow.swift */ = {isa = PBXFileReference; lastKnownFileType = sourcecode.swift; path = ItemRow.swift; sourceTree = "<group>"; };
/* End PBXFileReference section */

/* Begin PBXFrameworksBuildPhase section */
		D53CF48723408E8C005B468B /* Frameworks */ = {
			isa = PBXFrameworksBuildPhase;
			buildActionMask = 2147483647;
			files = (
			);
			runOnlyForDeploymentPostprocessing = 0;
		};
/* End PBXFrameworksBuildPhase section */

/* Begin PBXGroup section */
		D53CF48123408E8C005B468B = {
			isa = PBXGroup;
			children = (
				D53CF48C23408E8C005B468B /* iDine */,
				D53CF48B23408E8C005B468B /* Products */,
			);
			sourceTree = "<group>";
		};
		D53CF48B23408E8C005B468B /* Products */ = {
			isa = PBXGroup;
			children = (
				D53CF48A23408E8C005B468B /* iDine.app */,
			);
			name = Products;
			sourceTree = "<group>";
		};
		D53CF48C23408E8C005B468B /* iDine */ = {
			isa = PBXGroup;
			children = (
				D53CF4A723408ED0005B468B /* menu.json */,
				D53CF4A123408EA9005B468B /* Helper.swift */,
				D53CF4A323408EBA005B468B /* Menu.swift */,
				D53CF4A423408EBA005B468B /* Order.swift */,
				D53CF48D23408E8C005B468B /* AppDelegate.swift */,
				D53CF48F23408E8C005B468B /* SceneDelegate.swift */,
				D53CF49123408E8C005B468B /* ContentView.swift */,
				D53CF49323408E8E005B468B /* Assets.xcassets */,
				D53CF49823408E8E005B468B /* LaunchScreen.storyboard */,
				D53CF49B23408E8E005B468B /* Info.plist */,
				D53CF49523408E8E005B468B /* Preview Content */,
				D53CF4AB2340954C005B468B /* ItemRow.swift */,
			);
			path = iDine;
			sourceTree = "<group>";
		};
		D53CF49523408E8E005B468B /* Preview Content */ = {
			isa = PBXGroup;
			children = (
				D53CF49623408E8E005B468B /* Preview Assets.xcassets */,
			);
			path = "Preview Content";
			sourceTree = "<group>";
		};
/* End PBXGroup section */

/* Begin PBXNativeTarget section */
		D53CF48923408E8C005B468B /* iDine */ = {
			isa = PBXNativeTarget;
			buildConfigurationList = D53CF49E23408E8E005B468B /* Build configuration list for PBXNativeTarget "iDine" */;
			buildPhases = (
				D53CF48623408E8C005B468B /* Sources */,
				D53CF48723408E8C005B468B /* Frameworks */,
				D53CF48823408E8C005B468B /* Resources */,
			);
			buildRules = (
			);
			dependencies = (
			);
			name = iDine;
			productName = iDine;
			productReference = D53CF48A23408E8C005B468B /* iDine.app */;
			productType = "com.apple.product-type.application";
		};
/* End PBXNativeTarget section */

/* Begin PBXProject section */
		D53CF48223408E8C005B468B /* Project object */ = {
			isa = PBXProject;
			attributes = {
				LastSwiftUpdateCheck = 1100;
				LastUpgradeCheck = 1100;
				ORGANIZATIONNAME = "Francis Breidenbach";
				TargetAttributes = {
					D53CF48923408E8C005B468B = {
						CreatedOnToolsVersion = 11.0;
					};
				};
			};
			buildConfigurationList = D53CF48523408E8C005B468B /* Build configuration list for PBXProject "iDine" */;
			compatibilityVersion = "Xcode 9.3";
			developmentRegion = en;
			hasScannedForEncodings = 0;
			knownRegions = (
				en,
				Base,
			);
			mainGroup = D53CF48123408E8C005B468B;
			productRefGroup = D53CF48B23408E8C005B468B /* Products */;
			projectDirPath = "";
			projectRoot = "";
			targets = (
				D53CF48923408E8C005B468B /* iDine */,
			);
		};
/* End PBXProject section */

/* Begin PBXResourcesBuildPhase section */
		D53CF48823408E8C005B468B /* Resources */ = {
			isa = PBXResourcesBuildPhase;
			buildActionMask = 2147483647;
			files = (
				D53CF49A23408E8E005B468B /* LaunchScreen.storyboard in Resources */,
				D53CF49723408E8E005B468B /* Preview Assets.xcassets in Resources */,
				D53CF4A823408ED0005B468B /* menu.json in Resources */,
				D53CF49423408E8E005B468B /* Assets.xcassets in Resources */,
			);
			runOnlyForDeploymentPostprocessing = 0;
		};
/* End PBXResourcesBuildPhase section */

/* Begin PBXSourcesBuildPhase section */
		D53CF48623408E8C005B468B /* Sources */ = {
			isa = PBXSourcesBuildPhase;
			buildActionMask = 2147483647;
			files = (
				D53CF4A623408EBB005B468B /* Order.swift in Sources */,
				D53CF48E23408E8C005B468B /* AppDelegate.swift in Sources */,
				D53CF49023408E8C005B468B /* SceneDelegate.swift in Sources */,
				D53CF4AC2340954C005B468B /* ItemRow.swift in Sources */,
				D53CF49223408E8C005B468B /* ContentView.swift in Sources */,
				D53CF4A223408EA9005B468B /* Helper.swift in Sources */,
				D53CF4A523408EBB005B468B /* Menu.swift in Sources */,
			);
			runOnlyForDeploymentPostprocessing = 0;
		};
/* End PBXSourcesBuildPhase section */

/* Begin PBXVariantGroup section */
		D53CF49823408E8E005B468B /* LaunchScreen.storyboard */ = {
			isa = PBXVariantGroup;
			children = (
				D53CF49923408E8E005B468B /* Base */,
			);
			name = LaunchScreen.storyboard;
			sourceTree = "<group>";
		};
/* End PBXVariantGroup section */

/* Begin XCBuildConfiguration section */
		D53CF49C23408E8E005B468B /* Debug */ = {
			isa = XCBuildConfiguration;
			buildSettings = {
				ALWAYS_SEARCH_USER_PATHS = NO;
				CLANG_ANALYZER_NONNULL = YES;
				CLANG_ANALYZER_NUMBER_OBJECT_CONVERSION = YES_AGGRESSIVE;
				CLANG_CXX_LANGUAGE_STANDARD = "gnu++14";
				CLANG_CXX_LIBRARY = "libc++";
				CLANG_ENABLE_MODULES = YES;
				CLANG_ENABLE_OBJC_ARC = YES;
				CLANG_ENABLE_OBJC_WEAK = YES;
				CLANG_WARN_BLOCK_CAPTURE_AUTORELEASING = YES;
				CLANG_WARN_BOOL_CONVERSION = YES;
				CLANG_WARN_COMMA = YES;
				CLANG_WARN_CONSTANT_CONVERSION = YES;
				CLANG_WARN_DEPRECATED_OBJC_IMPLEMENTATIONS = YES;
				CLANG_WARN_DIRECT_OBJC_ISA_USAGE = YES_ERROR;
				CLANG_WARN_DOCUMENTATION_COMMENTS = YES;
				CLANG_WARN_EMPTY_BODY = YES;
				CLANG_WARN_ENUM_CONVERSION = YES;
				CLANG_WARN_INFINITE_RECURSION = YES;
				CLANG_WARN_INT_CONVERSION = YES;
				CLANG_WARN_NON_LITERAL_NULL_CONVERSION = YES;
				CLANG_WARN_OBJC_IMPLICIT_RETAIN_SELF = YES;
				CLANG_WARN_OBJC_LITERAL_CONVERSION = YES;
				CLANG_WARN_OBJC_ROOT_CLASS = YES_ERROR;
				CLANG_WARN_RANGE_LOOP_ANALYSIS = YES;
				CLANG_WARN_STRICT_PROTOTYPES = YES;
				CLANG_WARN_SUSPICIOUS_MOVE = YES;
				CLANG_WARN_UNGUARDED_AVAILABILITY = YES_AGGRESSIVE;
				CLANG_WARN_UNREACHABLE_CODE = YES;
				CLANG_WARN__DUPLICATE_METHOD_MATCH = YES;
				COPY_PHASE_STRIP = NO;
				DEBUG_INFORMATION_FORMAT = dwarf;
				ENABLE_STRICT_OBJC_MSGSEND = YES;
				ENABLE_TESTABILITY = YES;
				GCC_C_LANGUAGE_STANDARD = gnu11;
				GCC_DYNAMIC_NO_PIC = NO;
				GCC_NO_COMMON_BLOCKS = YES;
				GCC_OPTIMIZATION_LEVEL = 0;
				GCC_PREPROCESSOR_DEFINITIONS = (
					"DEBUG=1",
					"$(inherited)",
				);
				GCC_WARN_64_TO_32_BIT_CONVERSION = YES;
				GCC_WARN_ABOUT_RETURN_TYPE = YES_ERROR;
				GCC_WARN_UNDECLARED_SELECTOR = YES;
				GCC_WARN_UNINITIALIZED_AUTOS = YES_AGGRESSIVE;
				GCC_WARN_UNUSED_FUNCTION = YES;
				GCC_WARN_UNUSED_VARIABLE = YES;
				IPHONEOS_DEPLOYMENT_TARGET = 13.0;
				MTL_ENABLE_DEBUG_INFO = INCLUDE_SOURCE;
				MTL_FAST_MATH = YES;
				ONLY_ACTIVE_ARCH = YES;
				SDKROOT = iphoneos;
				SWIFT_ACTIVE_COMPILATION_CONDITIONS = DEBUG;
				SWIFT_OPTIMIZATION_LEVEL = "-Onone";
			};
			name = Debug;
		};
		D53CF49D23408E8E005B468B /* Release */ = {
			isa = XCBuildConfiguration;
			buildSettings = {
				ALWAYS_SEARCH_USER_PATHS = NO;
				CLANG_ANALYZER_NONNULL = YES;
				CLANG_ANALYZER_NUMBER_OBJECT_CONVERSION = YES_AGGRESSIVE;
				CLANG_CXX_LANGUAGE_STANDARD = "gnu++14";
				CLANG_CXX_LIBRARY = "libc++";
				CLANG_ENABLE_MODULES = YES;
				CLANG_ENABLE_OBJC_ARC = YES;
				CLANG_ENABLE_OBJC_WEAK = YES;
				CLANG_WARN_BLOCK_CAPTURE_AUTORELEASING = YES;
				CLANG_WARN_BOOL_CONVERSION = YES;
				CLANG_WARN_COMMA = YES;
				CLANG_WARN_CONSTANT_CONVERSION = YES;
				CLANG_WARN_DEPRECATED_OBJC_IMPLEMENTATIONS = YES;
				CLANG_WARN_DIRECT_OBJC_ISA_USAGE = YES_ERROR;
				CLANG_WARN_DOCUMENTATION_COMMENTS = YES;
				CLANG_WARN_EMPTY_BODY = YES;
				CLANG_WARN_ENUM_CONVERSION = YES;
				CLANG_WARN_INFINITE_RECURSION = YES;
				CLANG_WARN_INT_CONVERSION = YES;
				CLANG_WARN_NON_LITERAL_NULL_CONVERSION = YES;
				CLANG_WARN_OBJC_IMPLICIT_RETAIN_SELF = YES;
				CLANG_WARN_OBJC_LITERAL_CONVERSION = YES;
				CLANG_WARN_OBJC_ROOT_CLASS = YES_ERROR;
				CLANG_WARN_RANGE_LOOP_ANALYSIS = YES;
				CLANG_WARN_STRICT_PROTOTYPES = YES;
				CLANG_WARN_SUSPICIOUS_MOVE = YES;
				CLANG_WARN_UNGUARDED_AVAILABILITY = YES_AGGRESSIVE;
				CLANG_WARN_UNREACHABLE_CODE = YES;
				CLANG_WARN__DUPLICATE_METHOD_MATCH = YES;
				COPY_PHASE_STRIP = NO;
				DEBUG_INFORMATION_FORMAT = "dwarf-with-dsym";
				ENABLE_NS_ASSERTIONS = NO;
				ENABLE_STRICT_OBJC_MSGSEND = YES;
				GCC_C_LANGUAGE_STANDARD = gnu11;
				GCC_NO_COMMON_BLOCKS = YES;
				GCC_WARN_64_TO_32_BIT_CONVERSION = YES;
				GCC_WARN_ABOUT_RETURN_TYPE = YES_ERROR;
				GCC_WARN_UNDECLARED_SELECTOR = YES;
				GCC_WARN_UNINITIALIZED_AUTOS = YES_AGGRESSIVE;
				GCC_WARN_UNUSED_FUNCTION = YES;
				GCC_WARN_UNUSED_VARIABLE = YES;
				IPHONEOS_DEPLOYMENT_TARGET = 13.0;
				MTL_ENABLE_DEBUG_INFO = NO;
				MTL_FAST_MATH = YES;
				SDKROOT = iphoneos;
				SWIFT_COMPILATION_MODE = wholemodule;
				SWIFT_OPTIMIZATION_LEVEL = "-O";
				VALIDATE_PRODUCT = YES;
			};
			name = Release;
		};
		D53CF49F23408E8E005B468B /* Debug */ = {
			isa = XCBuildConfiguration;
			buildSettings = {
				ASSETCATALOG_COMPILER_APPICON_NAME = AppIcon;
				CODE_SIGN_STYLE = Automatic;
				DEVELOPMENT_ASSET_PATHS = "\"iDine/Preview Content\"";
				DEVELOPMENT_TEAM = WA3KPNE52J;
				ENABLE_PREVIEWS = YES;
				INFOPLIST_FILE = iDine/Info.plist;
				LD_RUNPATH_SEARCH_PATHS = (
					"$(inherited)",
					"@executable_path/Frameworks",
				);
				PRODUCT_BUNDLE_IDENTIFIER = com.fbreidenbach.iDine;
				PRODUCT_NAME = "$(TARGET_NAME)";
				SWIFT_VERSION = 5.0;
				TARGETED_DEVICE_FAMILY = "1,2";
			};
			name = Debug;
		};
		D53CF4A023408E8E005B468B /* Release */ = {
			isa = XCBuildConfiguration;
			buildSettings = {
				ASSETCATALOG_COMPILER_APPICON_NAME = AppIcon;
				CODE_SIGN_STYLE = Automatic;
				DEVELOPMENT_ASSET_PATHS = "\"iDine/Preview Content\"";
				DEVELOPMENT_TEAM = WA3KPNE52J;
				ENABLE_PREVIEWS = YES;
				INFOPLIST_FILE = iDine/Info.plist;
				LD_RUNPATH_SEARCH_PATHS = (
					"$(inherited)",
					"@executable_path/Frameworks",
				);
				PRODUCT_BUNDLE_IDENTIFIER = com.fbreidenbach.iDine;
				PRODUCT_NAME = "$(TARGET_NAME)";
				SWIFT_VERSION = 5.0;
				TARGETED_DEVICE_FAMILY = "1,2";
			};
			name = Release;
		};
/* End XCBuildConfiguration section */

/* Begin XCConfigurationList section */
		D53CF48523408E8C005B468B /* Build configuration list for PBXProject "iDine" */ = {
			isa = XCConfigurationList;
			buildConfigurations = (
				D53CF49C23408E8E005B468B /* Debug */,
				D53CF49D23408E8E005B468B /* Release */,
			);
			defaultConfigurationIsVisible = 0;
			defaultConfigurationName = Release;
		};
		D53CF49E23408E8E005B468B /* Build configuration list for PBXNativeTarget "iDine" */ = {
			isa = XCConfigurationList;
			buildConfigurations = (
				D53CF49F23408E8E005B468B /* Debug */,
				D53CF4A023408E8E005B468B /* Release */,
			);
			defaultConfigurationIsVisible = 0;
			defaultConfigurationName = Release;
		};
/* End XCConfigurationList section */
	};
	rootObject = D53CF48223408E8C005B468B /* Project object */;
}
